
Microsoft Visual Studio Solution File, Format Version 12.00
# Visual Studio Version 17
VisualStudioVersion = 17.8.34525.116
MinimumVisualStudioVersion = 10.0.40219.1
Project("{FAE04EC0-301F-11D3-BF4B-00C04F79EFBC}") = "[Nhom]Bubblesort", "[Nhom]Bubblesort.csproj", "{CBD124E7-0844-43D3-9C72-31955C003B0F}"
EndProject
Global
	GlobalSection(SolutionConfigurationPlatforms) = preSolution
		Debug|Any CPU = Debug|Any CPU
		Release|Any CPU = Release|Any CPU
	EndGlobalSection
	GlobalSection(ProjectConfigurationPlatforms) = postSolution
		{CBD124E7-0844-43D3-9C72-31955C003B0F}.Debug|Any CPU.ActiveCfg = Debug|Any CPU
		{CBD124E7-0844-43D3-9C72-31955C003B0F}.Debug|Any CPU.Build.0 = Debug|Any CPU
		{CBD124E7-0844-43D3-9C72-31955C003B0F}.Release|Any CPU.ActiveCfg = Release|Any CPU
		{CBD124E7-0844-43D3-9C72-31955C003B0F}.Release|Any CPU.Build.0 = Release|Any CPU
	EndGlobalSection
	GlobalSection(SolutionProperties) = preSolution
		HideSolutionNode = FALSE
	EndGlobalSection
	GlobalSection(ExtensibilityGlobals) = postSolution
		SolutionGuid = {883F1303-658E-42A6-ADBC-D2077B7EDC06}
	EndGlobalSection
EndGlobal
