
Microsoft Visual Studio Solution File, Format Version 12.00
# Visual Studio Version 17
VisualStudioVersion = 17.8.34525.116
MinimumVisualStudioVersion = 10.0.40219.1
Project("{FAE04EC0-301F-11D3-BF4B-00C04F79EFBC}") = "[Canhan]Tamgia", "[Canhan]Tamgia.csproj", "{F9CD16DF-53B7-4036-BD80-77C33832DECF}"
EndProject
Global
	GlobalSection(SolutionConfigurationPlatforms) = preSolution
		Debug|Any CPU = Debug|Any CPU
		Release|Any CPU = Release|Any CPU
	EndGlobalSection
	GlobalSection(ProjectConfigurationPlatforms) = postSolution
		{F9CD16DF-53B7-4036-BD80-77C33832DECF}.Debug|Any CPU.ActiveCfg = Debug|Any CPU
		{F9CD16DF-53B7-4036-BD80-77C33832DECF}.Debug|Any CPU.Build.0 = Debug|Any CPU
		{F9CD16DF-53B7-4036-BD80-77C33832DECF}.Release|Any CPU.ActiveCfg = Release|Any CPU
		{F9CD16DF-53B7-4036-BD80-77C33832DECF}.Release|Any CPU.Build.0 = Release|Any CPU
	EndGlobalSection
	GlobalSection(SolutionProperties) = preSolution
		HideSolutionNode = FALSE
	EndGlobalSection
	GlobalSection(ExtensibilityGlobals) = postSolution
		SolutionGuid = {4E2B3AC6-EB1B-44C6-B8A0-B9F6CBF0FD7D}
	EndGlobalSection
EndGlobal
